// !$*UTF8*$!
{
	archiveVersion = 1;
	classes = {
	};
	objectVersion = 50;
	objects = {

/* Begin PBXBuildFile section */
		758A8647242B6229002D60E1 /* AppDelegate.swift in Sources */ = {isa = PBXBuildFile; fileRef = 758A8646242B6229002D60E1 /* AppDelegate.swift */; };
		758A8649242B6229002D60E1 /* SceneDelegate.swift in Sources */ = {isa = PBXBuildFile; fileRef = 758A8648242B6229002D60E1 /* SceneDelegate.swift */; };
		758A864D242B6232002D60E1 /* Assets.xcassets in Resources */ = {isa = PBXBuildFile; fileRef = 758A864C242B6232002D60E1 /* Assets.xcassets */; };
		758A8650242B6232002D60E1 /* Preview Assets.xcassets in Resources */ = {isa = PBXBuildFile; fileRef = 758A864F242B6232002D60E1 /* Preview Assets.xcassets */; };
		758A8653242B6232002D60E1 /* LaunchScreen.storyboard in Resources */ = {isa = PBXBuildFile; fileRef = 758A8651242B6232002D60E1 /* LaunchScreen.storyboard */; };
		758A865A242B6F9A002D60E1 /* PlayerDetail.swift in Sources */ = {isa = PBXBuildFile; fileRef = 758A864A242B6229002D60E1 /* PlayerDetail.swift */; };
		75F5934B242BAACE003774AD /* statText.swift in Sources */ = {isa = PBXBuildFile; fileRef = 75F5934A242BAACE003774AD /* statText.swift */; };
		75F5934D242BD73F003774AD /* PlayerRow.swift in Sources */ = {isa = PBXBuildFile; fileRef = 75F5934C242BD73F003774AD /* PlayerRow.swift */; };
		75F5934F242C100E003774AD /* Player.swift in Sources */ = {isa = PBXBuildFile; fileRef = 75F5934E242C100E003774AD /* Player.swift */; };
		75F59351242C1388003774AD /* PlayerList.swift in Sources */ = {isa = PBXBuildFile; fileRef = 75F59350242C1387003774AD /* PlayerList.swift */; };
/* End PBXBuildFile section */

/* Begin PBXFileReference section */
		758A8643242B6229002D60E1 /* NBA Player Fun.app */ = {isa = PBXFileReference; explicitFileType = wrapper.application; includeInIndex = 0; path = "NBA Player Fun.app"; sourceTree = BUILT_PRODUCTS_DIR; };
		758A8646242B6229002D60E1 /* AppDelegate.swift */ = {isa = PBXFileReference; lastKnownFileType = sourcecode.swift; path = AppDelegate.swift; sourceTree = "<group>"; };
		758A8648242B6229002D60E1 /* SceneDelegate.swift */ = {isa = PBXFileReference; lastKnownFileType = sourcecode.swift; path = SceneDelegate.swift; sourceTree = "<group>"; };
		758A864A242B6229002D60E1 /* PlayerDetail.swift */ = {isa = PBXFileReference; lastKnownFileType = sourcecode.swift; path = PlayerDetail.swift; sourceTree = "<group>"; };
		758A864C242B6232002D60E1 /* Assets.xcassets */ = {isa = PBXFileReference; lastKnownFileType = folder.assetcatalog; path = Assets.xcassets; sourceTree = "<group>"; };
		758A864F242B6232002D60E1 /* Preview Assets.xcassets */ = {isa = PBXFileReference; lastKnownFileType = folder.assetcatalog; path = "Preview Assets.xcassets"; sourceTree = "<group>"; };
		758A8652242B6232002D60E1 /* Base */ = {isa = PBXFileReference; lastKnownFileType = file.storyboard; name = Base; path = Base.lproj/LaunchScreen.storyboard; sourceTree = "<group>"; };
		758A8654242B6232002D60E1 /* Info.plist */ = {isa = PBXFileReference; lastKnownFileType = text.plist.xml; path = Info.plist; sourceTree = "<group>"; };
		75F5934A242BAACE003774AD /* statText.swift */ = {isa = PBXFileReference; lastKnownFileType = sourcecode.swift; path = statText.swift; sourceTree = "<group>"; };
		75F5934C242BD73F003774AD /* PlayerRow.swift */ = {isa = PBXFileReference; lastKnownFileType = sourcecode.swift; path = PlayerRow.swift; sourceTree = "<group>"; };
		75F5934E242C100E003774AD /* Player.swift */ = {isa = PBXFileReference; fileEncoding = 4; lastKnownFileType = sourcecode.swift; name = Player.swift; path = "../../../Downloads/Player Info/Player.swift"; sourceTree = "<group>"; };
		75F59350242C1387003774AD /* PlayerList.swift */ = {isa = PBXFileReference; lastKnownFileType = sourcecode.swift; name = PlayerList.swift; path = "/Users/ashish/Desktop/NBA Player Fun/NBA Player Fun/PlayerList.swift"; sourceTree = "<absolute>"; };
/* End PBXFileReference section */

/* Begin PBXFrameworksBuildPhase section */
		758A8640242B6228002D60E1 /* Frameworks */ = {
			isa = PBXFrameworksBuildPhase;
			buildActionMask = 2147483647;
			files = (
			);
			runOnlyForDeploymentPostprocessing = 0;
		};
/* End PBXFrameworksBuildPhase section */

/* Begin PBXGroup section */
		758A863A242B6228002D60E1 = {
			isa = PBXGroup;
			children = (
				758A8645242B6229002D60E1 /* NBA Player Fun */,
				758A8644242B6229002D60E1 /* Products */,
			);
			sourceTree = "<group>";
		};
		758A8644242B6229002D60E1 /* Products */ = {
			isa = PBXGroup;
			children = (
				758A8643242B6229002D60E1 /* NBA Player Fun.app */,
			);
			name = Products;
			sourceTree = "<group>";
		};
		758A8645242B6229002D60E1 /* NBA Player Fun */ = {
			isa = PBXGroup;
			children = (
				758A8646242B6229002D60E1 /* AppDelegate.swift */,
				758A8648242B6229002D60E1 /* SceneDelegate.swift */,
				758A864A242B6229002D60E1 /* PlayerDetail.swift */,
				75F5934C242BD73F003774AD /* PlayerRow.swift */,
				75F5934A242BAACE003774AD /* statText.swift */,
				75F5934E242C100E003774AD /* Player.swift */,
				75F59350242C1387003774AD /* PlayerList.swift */,
				758A864C242B6232002D60E1 /* Assets.xcassets */,
				758A8651242B6232002D60E1 /* LaunchScreen.storyboard */,
				758A8654242B6232002D60E1 /* Info.plist */,
				758A864E242B6232002D60E1 /* Preview Content */,
			);
			path = "NBA Player Fun";
			sourceTree = "<group>";
		};
		758A864E242B6232002D60E1 /* Preview Content */ = {
			isa = PBXGroup;
			children = (
				758A864F242B6232002D60E1 /* Preview Assets.xcassets */,
			);
			path = "Preview Content";
			sourceTree = "<group>";
		};
/* End PBXGroup section */

/* Begin PBXNativeTarget section */
		758A8642242B6228002D60E1 /* NBA Player Fun */ = {
			isa = PBXNativeTarget;
			buildConfigurationList = 758A8657242B6232002D60E1 /* Build configuration list for PBXNativeTarget "NBA Player Fun" */;
			buildPhases = (
				758A863F242B6228002D60E1 /* Sources */,
				758A8640242B6228002D60E1 /* Frameworks */,
				758A8641242B6228002D60E1 /* Resources */,
			);
			buildRules = (
			);
			dependencies = (
			);
			name = "NBA Player Fun";
			productName = "NBA Player Fun";
			productReference = 758A8643242B6229002D60E1 /* NBA Player Fun.app */;
			productType = "com.apple.product-type.application";
		};
/* End PBXNativeTarget section */

/* Begin PBXProject section */
		758A863B242B6228002D60E1 /* Project object */ = {
			isa = PBXProject;
			attributes = {
				LastSwiftUpdateCheck = 1130;
				LastUpgradeCheck = 1130;
				ORGANIZATIONNAME = ashish;
				TargetAttributes = {
					758A8642242B6228002D60E1 = {
						CreatedOnToolsVersion = 11.3.1;
					};
				};
			};
			buildConfigurationList = 758A863E242B6228002D60E1 /* Build configuration list for PBXProject "NBA Player Fun" */;
			compatibilityVersion = "Xcode 9.3";
			developmentRegion = en;
			hasScannedForEncodings = 0;
			knownRegions = (
				en,
				Base,
			);
			mainGroup = 758A863A242B6228002D60E1;
			productRefGroup = 758A8644242B6229002D60E1 /* Products */;
			projectDirPath = "";
			projectRoot = "";
			targets = (
				758A8642242B6228002D60E1 /* NBA Player Fun */,
			);
		};
/* End PBXProject section */

/* Begin PBXResourcesBuildPhase section */
		758A8641242B6228002D60E1 /* Resources */ = {
			isa = PBXResourcesBuildPhase;
			buildActionMask = 2147483647;
			files = (
				758A8653242B6232002D60E1 /* LaunchScreen.storyboard in Resources */,
				758A8650242B6232002D60E1 /* Preview Assets.xcassets in Resources */,
				758A864D242B6232002D60E1 /* Assets.xcassets in Resources */,
			);
			runOnlyForDeploymentPostprocessing = 0;
		};
/* End PBXResourcesBuildPhase section */

/* Begin PBXSourcesBuildPhase section */
		758A863F242B6228002D60E1 /* Sources */ = {
			isa = PBXSourcesBuildPhase;
			buildActionMask = 2147483647;
			files = (
				758A8647242B6229002D60E1 /* AppDelegate.swift in Sources */,
				758A8649242B6229002D60E1 /* SceneDelegate.swift in Sources */,
				75F5934B242BAACE003774AD /* statText.swift in Sources */,
				758A865A242B6F9A002D60E1 /* PlayerDetail.swift in Sources */,
				75F5934F242C100E003774AD /* Player.swift in Sources */,
				75F59351242C1388003774AD /* PlayerList.swift in Sources */,
				75F5934D242BD73F003774AD /* PlayerRow.swift in Sources */,
			);
			runOnlyForDeploymentPostprocessing = 0;
		};
/* End PBXSourcesBuildPhase section */

/* Begin PBXVariantGroup section */
		758A8651242B6232002D60E1 /* LaunchScreen.storyboard */ = {
			isa = PBXVariantGroup;
			children = (
				758A8652242B6232002D60E1 /* Base */,
			);
			name = LaunchScreen.storyboard;
			sourceTree = "<group>";
		};
/* End PBXVariantGroup section */

/* Begin XCBuildConfiguration section */
		758A8655242B6232002D60E1 /* Debug */ = {
			isa = XCBuildConfiguration;
			buildSettings = {
				ALWAYS_SEARCH_USER_PATHS = NO;
				CLANG_ANALYZER_NONNULL = YES;
				CLANG_ANALYZER_NUMBER_OBJECT_CONVERSION = YES_AGGRESSIVE;
				CLANG_CXX_LANGUAGE_STANDARD = "gnu++14";
				CLANG_CXX_LIBRARY = "libc++";
				CLANG_ENABLE_MODULES = YES;
				CLANG_ENABLE_OBJC_ARC = YES;
				CLANG_ENABLE_OBJC_WEAK = YES;
				CLANG_WARN_BLOCK_CAPTURE_AUTORELEASING = YES;
				CLANG_WARN_BOOL_CONVERSION = YES;
				CLANG_WARN_COMMA = YES;
				CLANG_WARN_CONSTANT_CONVERSION = YES;
				CLANG_WARN_DEPRECATED_OBJC_IMPLEMENTATIONS = YES;
				CLANG_WARN_DIRECT_OBJC_ISA_USAGE = YES_ERROR;
				CLANG_WARN_DOCUMENTATION_COMMENTS = YES;
				CLANG_WARN_EMPTY_BODY = YES;
				CLANG_WARN_ENUM_CONVERSION = YES;
				CLANG_WARN_INFINITE_RECURSION = YES;
				CLANG_WARN_INT_CONVERSION = YES;
				CLANG_WARN_NON_LITERAL_NULL_CONVERSION = YES;
				CLANG_WARN_OBJC_IMPLICIT_RETAIN_SELF = YES;
				CLANG_WARN_OBJC_LITERAL_CONVERSION = YES;
				CLANG_WARN_OBJC_ROOT_CLASS = YES_ERROR;
				CLANG_WARN_RANGE_LOOP_ANALYSIS = YES;
				CLANG_WARN_STRICT_PROTOTYPES = YES;
				CLANG_WARN_SUSPICIOUS_MOVE = YES;
				CLANG_WARN_UNGUARDED_AVAILABILITY = YES_AGGRESSIVE;
				CLANG_WARN_UNREACHABLE_CODE = YES;
				CLANG_WARN__DUPLICATE_METHOD_MATCH = YES;
				COPY_PHASE_STRIP = NO;
				DEBUG_INFORMATION_FORMAT = dwarf;
				ENABLE_STRICT_OBJC_MSGSEND = YES;
				ENABLE_TESTABILITY = YES;
				GCC_C_LANGUAGE_STANDARD = gnu11;
				GCC_DYNAMIC_NO_PIC = NO;
				GCC_NO_COMMON_BLOCKS = YES;
				GCC_OPTIMIZATION_LEVEL = 0;
				GCC_PREPROCESSOR_DEFINITIONS = (
					"DEBUG=1",
					"$(inherited)",
				);
				GCC_WARN_64_TO_32_BIT_CONVERSION = YES;
				GCC_WARN_ABOUT_RETURN_TYPE = YES_ERROR;
				GCC_WARN_UNDECLARED_SELECTOR = YES;
				GCC_WARN_UNINITIALIZED_AUTOS = YES_AGGRESSIVE;
				GCC_WARN_UNUSED_FUNCTION = YES;
				GCC_WARN_UNUSED_VARIABLE = YES;
				IPHONEOS_DEPLOYMENT_TARGET = 13.2;
				MTL_ENABLE_DEBUG_INFO = INCLUDE_SOURCE;
				MTL_FAST_MATH = YES;
				ONLY_ACTIVE_ARCH = YES;
				SDKROOT = iphoneos;
				SWIFT_ACTIVE_COMPILATION_CONDITIONS = DEBUG;
				SWIFT_OPTIMIZATION_LEVEL = "-Onone";
			};
			name = Debug;
		};
		758A8656242B6232002D60E1 /* Release */ = {
			isa = XCBuildConfiguration;
			buildSettings = {
				ALWAYS_SEARCH_USER_PATHS = NO;
				CLANG_ANALYZER_NONNULL = YES;
				CLANG_ANALYZER_NUMBER_OBJECT_CONVERSION = YES_AGGRESSIVE;
				CLANG_CXX_LANGUAGE_STANDARD = "gnu++14";
				CLANG_CXX_LIBRARY = "libc++";
				CLANG_ENABLE_MODULES = YES;
				CLANG_ENABLE_OBJC_ARC = YES;
				CLANG_ENABLE_OBJC_WEAK = YES;
				CLANG_WARN_BLOCK_CAPTURE_AUTORELEASING = YES;
				CLANG_WARN_BOOL_CONVERSION = YES;
				CLANG_WARN_COMMA = YES;
				CLANG_WARN_CONSTANT_CONVERSION = YES;
				CLANG_WARN_DEPRECATED_OBJC_IMPLEMENTATIONS = YES;
				CLANG_WARN_DIRECT_OBJC_ISA_USAGE = YES_ERROR;
				CLANG_WARN_DOCUMENTATION_COMMENTS = YES;
				CLANG_WARN_EMPTY_BODY = YES;
				CLANG_WARN_ENUM_CONVERSION = YES;
				CLANG_WARN_INFINITE_RECURSION = YES;
				CLANG_WARN_INT_CONVERSION = YES;
				CLANG_WARN_NON_LITERAL_NULL_CONVERSION = YES;
				CLANG_WARN_OBJC_IMPLICIT_RETAIN_SELF = YES;
				CLANG_WARN_OBJC_LITERAL_CONVERSION = YES;
				CLANG_WARN_OBJC_ROOT_CLASS = YES_ERROR;
				CLANG_WARN_RANGE_LOOP_ANALYSIS = YES;
				CLANG_WARN_STRICT_PROTOTYPES = YES;
				CLANG_WARN_SUSPICIOUS_MOVE = YES;
				CLANG_WARN_UNGUARDED_AVAILABILITY = YES_AGGRESSIVE;
				CLANG_WARN_UNREACHABLE_CODE = YES;
				CLANG_WARN__DUPLICATE_METHOD_MATCH = YES;
				COPY_PHASE_STRIP = NO;
				DEBUG_INFORMATION_FORMAT = "dwarf-with-dsym";
				ENABLE_NS_ASSERTIONS = NO;
				ENABLE_STRICT_OBJC_MSGSEND = YES;
				GCC_C_LANGUAGE_STANDARD = gnu11;
				GCC_NO_COMMON_BLOCKS = YES;
				GCC_WARN_64_TO_32_BIT_CONVERSION = YES;
				GCC_WARN_ABOUT_RETURN_TYPE = YES_ERROR;
				GCC_WARN_UNDECLARED_SELECTOR = YES;
				GCC_WARN_UNINITIALIZED_AUTOS = YES_AGGRESSIVE;
				GCC_WARN_UNUSED_FUNCTION = YES;
				GCC_WARN_UNUSED_VARIABLE = YES;
				IPHONEOS_DEPLOYMENT_TARGET = 13.2;
				MTL_ENABLE_DEBUG_INFO = NO;
				MTL_FAST_MATH = YES;
				SDKROOT = iphoneos;
				SWIFT_COMPILATION_MODE = wholemodule;
				SWIFT_OPTIMIZATION_LEVEL = "-O";
				VALIDATE_PRODUCT = YES;
			};
			name = Release;
		};
		758A8658242B6232002D60E1 /* Debug */ = {
			isa = XCBuildConfiguration;
			buildSettings = {
				ASSETCATALOG_COMPILER_APPICON_NAME = AppIcon;
				CODE_SIGN_STYLE = Automatic;
				DEVELOPMENT_ASSET_PATHS = "\"NBA Player Fun/Preview Content\"";
				ENABLE_PREVIEWS = YES;
				INFOPLIST_FILE = "NBA Player Fun/Info.plist";
				LD_RUNPATH_SEARCH_PATHS = (
					"$(inherited)",
					"@executable_path/Frameworks",
				);
				PRODUCT_BUNDLE_IDENTIFIER = "ashish.NBA-Player-Fun";
				PRODUCT_NAME = "$(TARGET_NAME)";
				SWIFT_VERSION = 5.0;
				TARGETED_DEVICE_FAMILY = "1,2";
			};
			name = Debug;
		};
		758A8659242B6232002D60E1 /* Release */ = {
			isa = XCBuildConfiguration;
			buildSettings = {
				ASSETCATALOG_COMPILER_APPICON_NAME = AppIcon;
				CODE_SIGN_STYLE = Automatic;
				DEVELOPMENT_ASSET_PATHS = "\"NBA Player Fun/Preview Content\"";
				ENABLE_PREVIEWS = YES;
				INFOPLIST_FILE = "NBA Player Fun/Info.plist";
				LD_RUNPATH_SEARCH_PATHS = (
					"$(inherited)",
					"@executable_path/Frameworks",
				);
				PRODUCT_BUNDLE_IDENTIFIER = "ashish.NBA-Player-Fun";
				PRODUCT_NAME = "$(TARGET_NAME)";
				SWIFT_VERSION = 5.0;
				TARGETED_DEVICE_FAMILY = "1,2";
			};
			name = Release;
		};
/* End XCBuildConfiguration section */

/* Begin XCConfigurationList section */
		758A863E242B6228002D60E1 /* Build configuration list for PBXProject "NBA Player Fun" */ = {
			isa = XCConfigurationList;
			buildConfigurations = (
				758A8655242B6232002D60E1 /* Debug */,
				758A8656242B6232002D60E1 /* Release */,
			);
			defaultConfigurationIsVisible = 0;
			defaultConfigurationName = Release;
		};
		758A8657242B6232002D60E1 /* Build configuration list for PBXNativeTarget "NBA Player Fun" */ = {
			isa = XCConfigurationList;
			buildConfigurations = (
				758A8658242B6232002D60E1 /* Debug */,
				758A8659242B6232002D60E1 /* Release */,
			);
			defaultConfigurationIsVisible = 0;
			defaultConfigurationName = Release;
		};
/* End XCConfigurationList section */
	};
	rootObject = 758A863B242B6228002D60E1 /* Project object */;
}
